
Microsoft Visual Studio Solution File, Format Version 12.00
# Visual Studio Version 17
VisualStudioVersion = 17.6.33723.286
MinimumVisualStudioVersion = 10.0.40219.1
Project("{FAE04EC0-301F-11D3-BF4B-00C04F79EFBC}") = "cashierproject.Android", "cashierproject.Android\cashierproject.Android.csproj", "{033325E5-0029-4086-B5C7-641EDF47C25A}"
EndProject
Project("{FAE04EC0-301F-11D3-BF4B-00C04F79EFBC}") = "cashierproject.iOS", "cashierproject.iOS\cashierproject.iOS.csproj", "{992A5AA2-CE8E-4104-8DCE-EF94AE4E0F38}"
EndProject
Project("{FAE04EC0-301F-11D3-BF4B-00C04F79EFBC}") = "cashierproject", "cashierproject\cashierproject.csproj", "{8DF2BC58-E943-4340-A563-1AF727BC124A}"
EndProject
Global
	GlobalSection(SolutionConfigurationPlatforms) = preSolution
		Debug|Any CPU = Debug|Any CPU
		Debug|iPhone = Debug|iPhone
		Debug|iPhoneSimulator = Debug|iPhoneSimulator
		Release|Any CPU = Release|Any CPU
		Release|iPhone = Release|iPhone
		Release|iPhoneSimulator = Release|iPhoneSimulator
	EndGlobalSection
	GlobalSection(ProjectConfigurationPlatforms) = postSolution
		{033325E5-0029-4086-B5C7-641EDF47C25A}.Debug|Any CPU.ActiveCfg = Debug|Any CPU
		{033325E5-0029-4086-B5C7-641EDF47C25A}.Debug|Any CPU.Build.0 = Debug|Any CPU
		{033325E5-0029-4086-B5C7-641EDF47C25A}.Debug|Any CPU.Deploy.0 = Debug|Any CPU
		{033325E5-0029-4086-B5C7-641EDF47C25A}.Debug|iPhone.ActiveCfg = Debug|Any CPU
		{033325E5-0029-4086-B5C7-641EDF47C25A}.Debug|iPhone.Build.0 = Debug|Any CPU
		{033325E5-0029-4086-B5C7-641EDF47C25A}.Debug|iPhone.Deploy.0 = Debug|Any CPU
		{033325E5-0029-4086-B5C7-641EDF47C25A}.Debug|iPhoneSimulator.ActiveCfg = Debug|Any CPU
		{033325E5-0029-4086-B5C7-641EDF47C25A}.Debug|iPhoneSimulator.Build.0 = Debug|Any CPU
		{033325E5-0029-4086-B5C7-641EDF47C25A}.Debug|iPhoneSimulator.Deploy.0 = Debug|Any CPU
		{033325E5-0029-4086-B5C7-641EDF47C25A}.Release|Any CPU.ActiveCfg = Release|Any CPU
		{033325E5-0029-4086-B5C7-641EDF47C25A}.Release|Any CPU.Build.0 = Release|Any CPU
		{033325E5-0029-4086-B5C7-641EDF47C25A}.Release|Any CPU.Deploy.0 = Release|Any CPU
		{033325E5-0029-4086-B5C7-641EDF47C25A}.Release|iPhone.ActiveCfg = Release|Any CPU
		{033325E5-0029-4086-B5C7-641EDF47C25A}.Release|iPhone.Build.0 = Release|Any CPU
		{033325E5-0029-4086-B5C7-641EDF47C25A}.Release|iPhone.Deploy.0 = Release|Any CPU
		{033325E5-0029-4086-B5C7-641EDF47C25A}.Release|iPhoneSimulator.ActiveCfg = Release|Any CPU
		{033325E5-0029-4086-B5C7-641EDF47C25A}.Release|iPhoneSimulator.Build.0 = Release|Any CPU
		{033325E5-0029-4086-B5C7-641EDF47C25A}.Release|iPhoneSimulator.Deploy.0 = Release|Any CPU
		{992A5AA2-CE8E-4104-8DCE-EF94AE4E0F38}.Debug|Any CPU.ActiveCfg = Debug|iPhone
		{992A5AA2-CE8E-4104-8DCE-EF94AE4E0F38}.Debug|Any CPU.Build.0 = Debug|iPhone
		{992A5AA2-CE8E-4104-8DCE-EF94AE4E0F38}.Debug|Any CPU.Deploy.0 = Debug|iPhone
		{992A5AA2-CE8E-4104-8DCE-EF94AE4E0F38}.Debug|iPhone.ActiveCfg = Debug|iPhone
		{992A5AA2-CE8E-4104-8DCE-EF94AE4E0F38}.Debug|iPhone.Build.0 = Debug|iPhone
		{992A5AA2-CE8E-4104-8DCE-EF94AE4E0F38}.Debug|iPhone.Deploy.0 = Debug|iPhone
		{992A5AA2-CE8E-4104-8DCE-EF94AE4E0F38}.Debug|iPhoneSimulator.ActiveCfg = Debug|iPhoneSimulator
		{992A5AA2-CE8E-4104-8DCE-EF94AE4E0F38}.Debug|iPhoneSimulator.Build.0 = Debug|iPhoneSimulator
		{992A5AA2-CE8E-4104-8DCE-EF94AE4E0F38}.Debug|iPhoneSimulator.Deploy.0 = Debug|iPhoneSimulator
		{992A5AA2-CE8E-4104-8DCE-EF94AE4E0F38}.Release|Any CPU.ActiveCfg = Release|iPhoneSimulator
		{992A5AA2-CE8E-4104-8DCE-EF94AE4E0F38}.Release|Any CPU.Build.0 = Release|iPhoneSimulator
		{992A5AA2-CE8E-4104-8DCE-EF94AE4E0F38}.Release|Any CPU.Deploy.0 = Release|iPhoneSimulator
		{992A5AA2-CE8E-4104-8DCE-EF94AE4E0F38}.Release|iPhone.ActiveCfg = Release|iPhone
		{992A5AA2-CE8E-4104-8DCE-EF94AE4E0F38}.Release|iPhone.Build.0 = Release|iPhone
		{992A5AA2-CE8E-4104-8DCE-EF94AE4E0F38}.Release|iPhone.Deploy.0 = Release|iPhone
		{992A5AA2-CE8E-4104-8DCE-EF94AE4E0F38}.Release|iPhoneSimulator.ActiveCfg = Release|iPhoneSimulator
		{992A5AA2-CE8E-4104-8DCE-EF94AE4E0F38}.Release|iPhoneSimulator.Build.0 = Release|iPhoneSimulator
		{992A5AA2-CE8E-4104-8DCE-EF94AE4E0F38}.Release|iPhoneSimulator.Deploy.0 = Release|iPhoneSimulator
		{8DF2BC58-E943-4340-A563-1AF727BC124A}.Debug|Any CPU.ActiveCfg = Debug|Any CPU
		{8DF2BC58-E943-4340-A563-1AF727BC124A}.Debug|Any CPU.Build.0 = Debug|Any CPU
		{8DF2BC58-E943-4340-A563-1AF727BC124A}.Debug|Any CPU.Deploy.0 = Debug|Any CPU
		{8DF2BC58-E943-4340-A563-1AF727BC124A}.Debug|iPhone.ActiveCfg = Debug|Any CPU
		{8DF2BC58-E943-4340-A563-1AF727BC124A}.Debug|iPhone.Build.0 = Debug|Any CPU
		{8DF2BC58-E943-4340-A563-1AF727BC124A}.Debug|iPhone.Deploy.0 = Debug|Any CPU
		{8DF2BC58-E943-4340-A563-1AF727BC124A}.Debug|iPhoneSimulator.ActiveCfg = Debug|Any CPU
		{8DF2BC58-E943-4340-A563-1AF727BC124A}.Debug|iPhoneSimulator.Build.0 = Debug|Any CPU
		{8DF2BC58-E943-4340-A563-1AF727BC124A}.Debug|iPhoneSimulator.Deploy.0 = Debug|Any CPU
		{8DF2BC58-E943-4340-A563-1AF727BC124A}.Release|Any CPU.ActiveCfg = Release|Any CPU
		{8DF2BC58-E943-4340-A563-1AF727BC124A}.Release|Any CPU.Build.0 = Release|Any CPU
		{8DF2BC58-E943-4340-A563-1AF727BC124A}.Release|Any CPU.Deploy.0 = Release|Any CPU
		{8DF2BC58-E943-4340-A563-1AF727BC124A}.Release|iPhone.ActiveCfg = Release|Any CPU
		{8DF2BC58-E943-4340-A563-1AF727BC124A}.Release|iPhone.Build.0 = Release|Any CPU
		{8DF2BC58-E943-4340-A563-1AF727BC124A}.Release|iPhone.Deploy.0 = Release|Any CPU
		{8DF2BC58-E943-4340-A563-1AF727BC124A}.Release|iPhoneSimulator.ActiveCfg = Release|Any CPU
		{8DF2BC58-E943-4340-A563-1AF727BC124A}.Release|iPhoneSimulator.Build.0 = Release|Any CPU
		{8DF2BC58-E943-4340-A563-1AF727BC124A}.Release|iPhoneSimulator.Deploy.0 = Release|Any CPU
	EndGlobalSection
	GlobalSection(SolutionProperties) = preSolution
		HideSolutionNode = FALSE
	EndGlobalSection
	GlobalSection(ExtensibilityGlobals) = postSolution
		SolutionGuid = {B1291051-02CC-4BB8-8DEB-8B4BF0879DBF}
	EndGlobalSection
EndGlobal
